{
  "name": "typescript",
  "version": "1.0.0",
  "lockfileVersion": 2,
  "requires": true,
  "packages": {
    "": {
      "name": "typescript",
      "version": "1.0.0",
      "dependencies": {
        "@noble/curves": "^0.6.2",
        "@noble/hashes": "^1.1.4"
      }
    },
    "node_modules/@noble/curves": {
      "version": "0.6.2",
      "resolved": "https://registry.npmjs.org/@noble/curves/-/curves-0.6.2.tgz",
      "integrity": "sha512-p9S1g+JGw7ayrDm7oc38ztFp/SOY1ftxoR9HXquEgb3kj+fHJaWUBdVQ66nAVpW2pOHb7qNJnu3eo/tuFwQb1w==",
      "funding": [
        {
          "type": "individual",
          "url": "https://paulmillr.com/funding/"
        }
      ],
      "dependencies": {
        "@noble/hashes": "1.1.5"
      }
    },
    "node_modules/@noble/hashes": {
      "version": "1.1.5",
      "resolved": "https://registry.npmjs.org/@noble/hashes/-/hashes-1.1.5.tgz",
      "integrity": "sha512-LTMZiiLc+V4v1Yi16TD6aX2gmtKszNye0pQgbaLqkvhIqP7nVsSaJsWloGQjJfJ8offaoP5GtX3yY5swbcJxxQ==",
      "funding": [
        {
          "type": "individual",
          "url": "https://paulmillr.com/funding/"
        }
      ]
    }
  },
  "dependencies": {
    "@noble/curves": {
      "version": "0.6.2",
      "resolved": "https://registry.npmjs.org/@noble/curves/-/curves-0.6.2.tgz",
      "integrity": "sha512-p9S1g+JGw7ayrDm7oc38ztFp/SOY1ftxoR9HXquEgb3kj+fHJaWUBdVQ66nAVpW2pOHb7qNJnu3eo/tuFwQb1w==",
      "requires": {
        "@noble/hashes": "1.1.5"
      }
    },
    "@noble/hashes": {
      "version": "1.1.5",
      "resolved": "https://registry.npmjs.org/@noble/hashes/-/hashes-1.1.5.tgz",
      "integrity": "sha512-LTMZiiLc+V4v1Yi16TD6aX2gmtKszNye0pQgbaLqkvhIqP7nVsSaJsWloGQjJfJ8offaoP5GtX3yY5swbcJxxQ=="
    }
  }
}
