{
  "name": "typescript",
  "version": "1.0.0",
  "lockfileVersion": 2,
  "requires": true,
  "packages": {
    "": {
      "name": "typescript",
      "version": "1.0.0",
      "dependencies": {
        "@noble/bls12-381": "^1.4.0",
        "@noble/hashes": "^1.1.4"
      }
    },
    "node_modules/@noble/bls12-381": {
      "version": "1.4.0",
      "resolved": "https://registry.npmjs.org/@noble/bls12-381/-/bls12-381-1.4.0.tgz",
      "integrity": "sha512-mIYqC2jMX7Lcu1QtU/FFftMPDSXNCdlGex6BSf5nPojHjnzzBgs1klFWpB1R8YjqHmOO9xrCzF19f2c42+z3vg==",
      "funding": [
        {
          "type": "individual",
          "url": "https://paulmillr.com/funding/"
        }
      ]
    },
    "node_modules/@noble/hashes": {
      "version": "1.1.4",
      "resolved": "https://registry.npmjs.org/@noble/hashes/-/hashes-1.1.4.tgz",
      "integrity": "sha512-+PYsVPrTSqtVjatKt2A/Proukn2Yrz61OBThOCKErc5w2/r1Fh37vbDv0Eah7pyNltrmacjwTvdw3JoR+WE4TA==",
      "funding": [
        {
          "type": "individual",
          "url": "https://paulmillr.com/funding/"
        }
      ]
    }
  },
  "dependencies": {
    "@noble/bls12-381": {
      "version": "1.4.0",
      "resolved": "https://registry.npmjs.org/@noble/bls12-381/-/bls12-381-1.4.0.tgz",
      "integrity": "sha512-mIYqC2jMX7Lcu1QtU/FFftMPDSXNCdlGex6BSf5nPojHjnzzBgs1klFWpB1R8YjqHmOO9xrCzF19f2c42+z3vg=="
    },
    "@noble/hashes": {
      "version": "1.1.4",
      "resolved": "https://registry.npmjs.org/@noble/hashes/-/hashes-1.1.4.tgz",
      "integrity": "sha512-+PYsVPrTSqtVjatKt2A/Proukn2Yrz61OBThOCKErc5w2/r1Fh37vbDv0Eah7pyNltrmacjwTvdw3JoR+WE4TA=="
    }
  }
}
